// !$*UTF8*$!
{
	archiveVersion = 1;
	classes = {
	};
	objectVersion = 46;
	objects = {

/* Begin PBXBuildFile section */
		6E7E887F1B73640900D22561 /* main.m in Sources */ = {isa = PBXBuildFile; fileRef = 6E7E887E1B73640900D22561 /* main.m */; };
		6E7E88821B73640900D22561 /* AppDelegate.m in Sources */ = {isa = PBXBuildFile; fileRef = 6E7E88811B73640900D22561 /* AppDelegate.m */; };
		6E7E88851B73640900D22561 /* ViewController.m in Sources */ = {isa = PBXBuildFile; fileRef = 6E7E88841B73640900D22561 /* ViewController.m */; };
		6E7E88881B73640A00D22561 /* Main.storyboard in Resources */ = {isa = PBXBuildFile; fileRef = 6E7E88861B73640A00D22561 /* Main.storyboard */; };
		6E7E888A1B73640A00D22561 /* Images.xcassets in Resources */ = {isa = PBXBuildFile; fileRef = 6E7E88891B73640A00D22561 /* Images.xcassets */; };
		6E7E888D1B73640A00D22561 /* LaunchScreen.xib in Resources */ = {isa = PBXBuildFile; fileRef = 6E7E888B1B73640A00D22561 /* LaunchScreen.xib */; };
		6E7E88991B73640A00D22561 /* ChatTextViewTests.m in Sources */ = {isa = PBXBuildFile; fileRef = 6E7E88981B73640A00D22561 /* ChatTextViewTests.m */; };
		6E7E88A41B73688100D22561 /* ContentView.m in Sources */ = {isa = PBXBuildFile; fileRef = 6E7E88A31B73688100D22561 /* ContentView.m */; };
/* End PBXBuildFile section */

/* Begin PBXContainerItemProxy section */
		6E7E88931B73640A00D22561 /* PBXContainerItemProxy */ = {
			isa = PBXContainerItemProxy;
			containerPortal = 6E7E88711B73640900D22561 /* Project object */;
			proxyType = 1;
			remoteGlobalIDString = 6E7E88781B73640900D22561;
			remoteInfo = ChatTextView;
		};
/* End PBXContainerItemProxy section */

/* Begin PBXFileReference section */
		6E7E88791B73640900D22561 /* ChatTextView.app */ = {isa = PBXFileReference; explicitFileType = wrapper.application; includeInIndex = 0; path = ChatTextView.app; sourceTree = BUILT_PRODUCTS_DIR; };
		6E7E887D1B73640900D22561 /* Info.plist */ = {isa = PBXFileReference; lastKnownFileType = text.plist.xml; path = Info.plist; sourceTree = "<group>"; };
		6E7E887E1B73640900D22561 /* main.m */ = {isa = PBXFileReference; lastKnownFileType = sourcecode.c.objc; path = main.m; sourceTree = "<group>"; };
		6E7E88801B73640900D22561 /* AppDelegate.h */ = {isa = PBXFileReference; lastKnownFileType = sourcecode.c.h; path = AppDelegate.h; sourceTree = "<group>"; };
		6E7E88811B73640900D22561 /* AppDelegate.m */ = {isa = PBXFileReference; lastKnownFileType = sourcecode.c.objc; path = AppDelegate.m; sourceTree = "<group>"; };
		6E7E88831B73640900D22561 /* ViewController.h */ = {isa = PBXFileReference; lastKnownFileType = sourcecode.c.h; path = ViewController.h; sourceTree = "<group>"; };
		6E7E88841B73640900D22561 /* ViewController.m */ = {isa = PBXFileReference; lastKnownFileType = sourcecode.c.objc; path = ViewController.m; sourceTree = "<group>"; };
		6E7E88871B73640A00D22561 /* Base */ = {isa = PBXFileReference; lastKnownFileType = file.storyboard; name = Base; path = Base.lproj/Main.storyboard; sourceTree = "<group>"; };
		6E7E88891B73640A00D22561 /* Images.xcassets */ = {isa = PBXFileReference; lastKnownFileType = folder.assetcatalog; path = Images.xcassets; sourceTree = "<group>"; };
		6E7E888C1B73640A00D22561 /* Base */ = {isa = PBXFileReference; lastKnownFileType = file.xib; name = Base; path = Base.lproj/LaunchScreen.xib; sourceTree = "<group>"; };
		6E7E88921B73640A00D22561 /* ChatTextViewTests.xctest */ = {isa = PBXFileReference; explicitFileType = wrapper.cfbundle; includeInIndex = 0; path = ChatTextViewTests.xctest; sourceTree = BUILT_PRODUCTS_DIR; };
		6E7E88971B73640A00D22561 /* Info.plist */ = {isa = PBXFileReference; lastKnownFileType = text.plist.xml; path = Info.plist; sourceTree = "<group>"; };
		6E7E88981B73640A00D22561 /* ChatTextViewTests.m */ = {isa = PBXFileReference; lastKnownFileType = sourcecode.c.objc; path = ChatTextViewTests.m; sourceTree = "<group>"; };
		6E7E88A21B73688100D22561 /* ContentView.h */ = {isa = PBXFileReference; fileEncoding = 4; lastKnownFileType = sourcecode.c.h; path = ContentView.h; sourceTree = "<group>"; };
		6E7E88A31B73688100D22561 /* ContentView.m */ = {isa = PBXFileReference; fileEncoding = 4; lastKnownFileType = sourcecode.c.objc; path = ContentView.m; sourceTree = "<group>"; };
/* End PBXFileReference section */

/* Begin PBXFrameworksBuildPhase section */
		6E7E88761B73640900D22561 /* Frameworks */ = {
			isa = PBXFrameworksBuildPhase;
			buildActionMask = 2147483647;
			files = (
			);
			runOnlyForDeploymentPostprocessing = 0;
		};
		6E7E888F1B73640A00D22561 /* Frameworks */ = {
			isa = PBXFrameworksBuildPhase;
			buildActionMask = 2147483647;
			files = (
			);
			runOnlyForDeploymentPostprocessing = 0;
		};
/* End PBXFrameworksBuildPhase section */

/* Begin PBXGroup section */
		6E7E88701B73640900D22561 = {
			isa = PBXGroup;
			children = (
				6E7E887B1B73640900D22561 /* ChatTextView */,
				6E7E88951B73640A00D22561 /* ChatTextViewTests */,
				6E7E887A1B73640900D22561 /* Products */,
			);
			sourceTree = "<group>";
		};
		6E7E887A1B73640900D22561 /* Products */ = {
			isa = PBXGroup;
			children = (
				6E7E88791B73640900D22561 /* ChatTextView.app */,
				6E7E88921B73640A00D22561 /* ChatTextViewTests.xctest */,
			);
			name = Products;
			sourceTree = "<group>";
		};
		6E7E887B1B73640900D22561 /* ChatTextView */ = {
			isa = PBXGroup;
			children = (
				6E7E88801B73640900D22561 /* AppDelegate.h */,
				6E7E88811B73640900D22561 /* AppDelegate.m */,
				6E7E88831B73640900D22561 /* ViewController.h */,
				6E7E88841B73640900D22561 /* ViewController.m */,
				6E7E88861B73640A00D22561 /* Main.storyboard */,
				6E7E88891B73640A00D22561 /* Images.xcassets */,
				6E7E888B1B73640A00D22561 /* LaunchScreen.xib */,
				6E7E887C1B73640900D22561 /* Supporting Files */,
				6E7E88A21B73688100D22561 /* ContentView.h */,
				6E7E88A31B73688100D22561 /* ContentView.m */,
			);
			path = ChatTextView;
			sourceTree = "<group>";
		};
		6E7E887C1B73640900D22561 /* Supporting Files */ = {
			isa = PBXGroup;
			children = (
				6E7E887D1B73640900D22561 /* Info.plist */,
				6E7E887E1B73640900D22561 /* main.m */,
			);
			name = "Supporting Files";
			sourceTree = "<group>";
		};
		6E7E88951B73640A00D22561 /* ChatTextViewTests */ = {
			isa = PBXGroup;
			children = (
				6E7E88981B73640A00D22561 /* ChatTextViewTests.m */,
				6E7E88961B73640A00D22561 /* Supporting Files */,
			);
			path = ChatTextViewTests;
			sourceTree = "<group>";
		};
		6E7E88961B73640A00D22561 /* Supporting Files */ = {
			isa = PBXGroup;
			children = (
				6E7E88971B73640A00D22561 /* Info.plist */,
			);
			name = "Supporting Files";
			sourceTree = "<group>";
		};
/* End PBXGroup section */

/* Begin PBXNativeTarget section */
		6E7E88781B73640900D22561 /* ChatTextView */ = {
			isa = PBXNativeTarget;
			buildConfigurationList = 6E7E889C1B73640A00D22561 /* Build configuration list for PBXNativeTarget "ChatTextView" */;
			buildPhases = (
				6E7E88751B73640900D22561 /* Sources */,
				6E7E88761B73640900D22561 /* Frameworks */,
				6E7E88771B73640900D22561 /* Resources */,
			);
			buildRules = (
			);
			dependencies = (
			);
			name = ChatTextView;
			productName = ChatTextView;
			productReference = 6E7E88791B73640900D22561 /* ChatTextView.app */;
			productType = "com.apple.product-type.application";
		};
		6E7E88911B73640A00D22561 /* ChatTextViewTests */ = {
			isa = PBXNativeTarget;
			buildConfigurationList = 6E7E889F1B73640A00D22561 /* Build configuration list for PBXNativeTarget "ChatTextViewTests" */;
			buildPhases = (
				6E7E888E1B73640A00D22561 /* Sources */,
				6E7E888F1B73640A00D22561 /* Frameworks */,
				6E7E88901B73640A00D22561 /* Resources */,
			);
			buildRules = (
			);
			dependencies = (
				6E7E88941B73640A00D22561 /* PBXTargetDependency */,
			);
			name = ChatTextViewTests;
			productName = ChatTextViewTests;
			productReference = 6E7E88921B73640A00D22561 /* ChatTextViewTests.xctest */;
			productType = "com.apple.product-type.bundle.unit-test";
		};
/* End PBXNativeTarget section */

/* Begin PBXProject section */
		6E7E88711B73640900D22561 /* Project object */ = {
			isa = PBXProject;
			attributes = {
				LastUpgradeCheck = 0640;
				ORGANIZATIONNAME = "Prateek Grover";
				TargetAttributes = {
					6E7E88781B73640900D22561 = {
						CreatedOnToolsVersion = 6.4;
					};
					6E7E88911B73640A00D22561 = {
						CreatedOnToolsVersion = 6.4;
						TestTargetID = 6E7E88781B73640900D22561;
					};
				};
			};
			buildConfigurationList = 6E7E88741B73640900D22561 /* Build configuration list for PBXProject "ChatTextView" */;
			compatibilityVersion = "Xcode 3.2";
			developmentRegion = English;
			hasScannedForEncodings = 0;
			knownRegions = (
				en,
				Base,
			);
			mainGroup = 6E7E88701B73640900D22561;
			productRefGroup = 6E7E887A1B73640900D22561 /* Products */;
			projectDirPath = "";
			projectRoot = "";
			targets = (
				6E7E88781B73640900D22561 /* ChatTextView */,
				6E7E88911B73640A00D22561 /* ChatTextViewTests */,
			);
		};
/* End PBXProject section */

/* Begin PBXResourcesBuildPhase section */
		6E7E88771B73640900D22561 /* Resources */ = {
			isa = PBXResourcesBuildPhase;
			buildActionMask = 2147483647;
			files = (
				6E7E88881B73640A00D22561 /* Main.storyboard in Resources */,
				6E7E888D1B73640A00D22561 /* LaunchScreen.xib in Resources */,
				6E7E888A1B73640A00D22561 /* Images.xcassets in Resources */,
			);
			runOnlyForDeploymentPostprocessing = 0;
		};
		6E7E88901B73640A00D22561 /* Resources */ = {
			isa = PBXResourcesBuildPhase;
			buildActionMask = 2147483647;
			files = (
			);
			runOnlyForDeploymentPostprocessing = 0;
		};
/* End PBXResourcesBuildPhase section */

/* Begin PBXSourcesBuildPhase section */
		6E7E88751B73640900D22561 /* Sources */ = {
			isa = PBXSourcesBuildPhase;
			buildActionMask = 2147483647;
			files = (
				6E7E88851B73640900D22561 /* ViewController.m in Sources */,
				6E7E88821B73640900D22561 /* AppDelegate.m in Sources */,
				6E7E88A41B73688100D22561 /* ContentView.m in Sources */,
				6E7E887F1B73640900D22561 /* main.m in Sources */,
			);
			runOnlyForDeploymentPostprocessing = 0;
		};
		6E7E888E1B73640A00D22561 /* Sources */ = {
			isa = PBXSourcesBuildPhase;
			buildActionMask = 2147483647;
			files = (
				6E7E88991B73640A00D22561 /* ChatTextViewTests.m in Sources */,
			);
			runOnlyForDeploymentPostprocessing = 0;
		};
/* End PBXSourcesBuildPhase section */

/* Begin PBXTargetDependency section */
		6E7E88941B73640A00D22561 /* PBXTargetDependency */ = {
			isa = PBXTargetDependency;
			target = 6E7E88781B73640900D22561 /* ChatTextView */;
			targetProxy = 6E7E88931B73640A00D22561 /* PBXContainerItemProxy */;
		};
/* End PBXTargetDependency section */

/* Begin PBXVariantGroup section */
		6E7E88861B73640A00D22561 /* Main.storyboard */ = {
			isa = PBXVariantGroup;
			children = (
				6E7E88871B73640A00D22561 /* Base */,
			);
			name = Main.storyboard;
			sourceTree = "<group>";
		};
		6E7E888B1B73640A00D22561 /* LaunchScreen.xib */ = {
			isa = PBXVariantGroup;
			children = (
				6E7E888C1B73640A00D22561 /* Base */,
			);
			name = LaunchScreen.xib;
			sourceTree = "<group>";
		};
/* End PBXVariantGroup section */

/* Begin XCBuildConfiguration section */
		6E7E889A1B73640A00D22561 /* Debug */ = {
			isa = XCBuildConfiguration;
			buildSettings = {
				ALWAYS_SEARCH_USER_PATHS = NO;
				CLANG_CXX_LANGUAGE_STANDARD = "gnu++0x";
				CLANG_CXX_LIBRARY = "libc++";
				CLANG_ENABLE_MODULES = YES;
				CLANG_ENABLE_OBJC_ARC = YES;
				CLANG_WARN_BOOL_CONVERSION = YES;
				CLANG_WARN_CONSTANT_CONVERSION = YES;
				CLANG_WARN_DIRECT_OBJC_ISA_USAGE = YES_ERROR;
				CLANG_WARN_EMPTY_BODY = YES;
				CLANG_WARN_ENUM_CONVERSION = YES;
				CLANG_WARN_INT_CONVERSION = YES;
				CLANG_WARN_OBJC_ROOT_CLASS = YES_ERROR;
				CLANG_WARN_UNREACHABLE_CODE = YES;
				CLANG_WARN__DUPLICATE_METHOD_MATCH = YES;
				"CODE_SIGN_IDENTITY[sdk=iphoneos*]" = "iPhone Developer";
				COPY_PHASE_STRIP = NO;
				DEBUG_INFORMATION_FORMAT = "dwarf-with-dsym";
				ENABLE_STRICT_OBJC_MSGSEND = YES;
				GCC_C_LANGUAGE_STANDARD = gnu99;
				GCC_DYNAMIC_NO_PIC = NO;
				GCC_NO_COMMON_BLOCKS = YES;
				GCC_OPTIMIZATION_LEVEL = 0;
				GCC_PREPROCESSOR_DEFINITIONS = (
					"DEBUG=1",
					"$(inherited)",
				);
				GCC_SYMBOLS_PRIVATE_EXTERN = NO;
				GCC_WARN_64_TO_32_BIT_CONVERSION = YES;
				GCC_WARN_ABOUT_RETURN_TYPE = YES_ERROR;
				GCC_WARN_UNDECLARED_SELECTOR = YES;
				GCC_WARN_UNINITIALIZED_AUTOS = YES_AGGRESSIVE;
				GCC_WARN_UNUSED_FUNCTION = YES;
				GCC_WARN_UNUSED_VARIABLE = YES;
				IPHONEOS_DEPLOYMENT_TARGET = 8.4;
				MTL_ENABLE_DEBUG_INFO = YES;
				ONLY_ACTIVE_ARCH = YES;
				SDKROOT = iphoneos;
				TARGETED_DEVICE_FAMILY = "1,2";
			};
			name = Debug;
		};
		6E7E889B1B73640A00D22561 /* Release */ = {
			isa = XCBuildConfiguration;
			buildSettings = {
				ALWAYS_SEARCH_USER_PATHS = NO;
				CLANG_CXX_LANGUAGE_STANDARD = "gnu++0x";
				CLANG_CXX_LIBRARY = "libc++";
				CLANG_ENABLE_MODULES = YES;
				CLANG_ENABLE_OBJC_ARC = YES;
				CLANG_WARN_BOOL_CONVERSION = YES;
				CLANG_WARN_CONSTANT_CONVERSION = YES;
				CLANG_WARN_DIRECT_OBJC_ISA_USAGE = YES_ERROR;
				CLANG_WARN_EMPTY_BODY = YES;
				CLANG_WARN_ENUM_CONVERSION = YES;
				CLANG_WARN_INT_CONVERSION = YES;
				CLANG_WARN_OBJC_ROOT_CLASS = YES_ERROR;
				CLANG_WARN_UNREACHABLE_CODE = YES;
				CLANG_WARN__DUPLICATE_METHOD_MATCH = YES;
				"CODE_SIGN_IDENTITY[sdk=iphoneos*]" = "iPhone Developer";
				COPY_PHASE_STRIP = NO;
				DEBUG_INFORMATION_FORMAT = "dwarf-with-dsym";
				ENABLE_NS_ASSERTIONS = NO;
				ENABLE_STRICT_OBJC_MSGSEND = YES;
				GCC_C_LANGUAGE_STANDARD = gnu99;
				GCC_NO_COMMON_BLOCKS = YES;
				GCC_WARN_64_TO_32_BIT_CONVERSION = YES;
				GCC_WARN_ABOUT_RETURN_TYPE = YES_ERROR;
				GCC_WARN_UNDECLARED_SELECTOR = YES;
				GCC_WARN_UNINITIALIZED_AUTOS = YES_AGGRESSIVE;
				GCC_WARN_UNUSED_FUNCTION = YES;
				GCC_WARN_UNUSED_VARIABLE = YES;
				IPHONEOS_DEPLOYMENT_TARGET = 8.4;
				MTL_ENABLE_DEBUG_INFO = NO;
				SDKROOT = iphoneos;
				TARGETED_DEVICE_FAMILY = "1,2";
				VALIDATE_PRODUCT = YES;
			};
			name = Release;
		};
		6E7E889D1B73640A00D22561 /* Debug */ = {
			isa = XCBuildConfiguration;
			buildSettings = {
				ASSETCATALOG_COMPILER_APPICON_NAME = AppIcon;
				ASSETCATALOG_COMPILER_LAUNCHIMAGE_NAME = LaunchImage;
				CODE_SIGN_IDENTITY = "iPhone Developer";
				INFOPLIST_FILE = ChatTextView/Info.plist;
				IPHONEOS_DEPLOYMENT_TARGET = 7.1;
				LD_RUNPATH_SEARCH_PATHS = "$(inherited) @executable_path/Frameworks";
				PRODUCT_NAME = "$(TARGET_NAME)";
			};
			name = Debug;
		};
		6E7E889E1B73640A00D22561 /* Release */ = {
			isa = XCBuildConfiguration;
			buildSettings = {
				ASSETCATALOG_COMPILER_APPICON_NAME = AppIcon;
				ASSETCATALOG_COMPILER_LAUNCHIMAGE_NAME = LaunchImage;
				CODE_SIGN_IDENTITY = "iPhone Developer";
				INFOPLIST_FILE = ChatTextView/Info.plist;
				IPHONEOS_DEPLOYMENT_TARGET = 7.1;
				LD_RUNPATH_SEARCH_PATHS = "$(inherited) @executable_path/Frameworks";
				PRODUCT_NAME = "$(TARGET_NAME)";
			};
			name = Release;
		};
		6E7E88A01B73640A00D22561 /* Debug */ = {
			isa = XCBuildConfiguration;
			buildSettings = {
				BUNDLE_LOADER = "$(TEST_HOST)";
				FRAMEWORK_SEARCH_PATHS = (
					"$(SDKROOT)/Developer/Library/Frameworks",
					"$(inherited)",
				);
				GCC_PREPROCESSOR_DEFINITIONS = (
					"DEBUG=1",
					"$(inherited)",
				);
				INFOPLIST_FILE = ChatTextViewTests/Info.plist;
				LD_RUNPATH_SEARCH_PATHS = "$(inherited) @executable_path/Frameworks @loader_path/Frameworks";
				PRODUCT_NAME = "$(TARGET_NAME)";
				TEST_HOST = "$(BUILT_PRODUCTS_DIR)/ChatTextView.app/ChatTextView";
			};
			name = Debug;
		};
		6E7E88A11B73640A00D22561 /* Release */ = {
			isa = XCBuildConfiguration;
			buildSettings = {
				BUNDLE_LOADER = "$(TEST_HOST)";
				FRAMEWORK_SEARCH_PATHS = (
					"$(SDKROOT)/Developer/Library/Frameworks",
					"$(inherited)",
				);
				INFOPLIST_FILE = ChatTextViewTests/Info.plist;
				LD_RUNPATH_SEARCH_PATHS = "$(inherited) @executable_path/Frameworks @loader_path/Frameworks";
				PRODUCT_NAME = "$(TARGET_NAME)";
				TEST_HOST = "$(BUILT_PRODUCTS_DIR)/ChatTextView.app/ChatTextView";
			};
			name = Release;
		};
/* End XCBuildConfiguration section */

/* Begin XCConfigurationList section */
		6E7E88741B73640900D22561 /* Build configuration list for PBXProject "ChatTextView" */ = {
			isa = XCConfigurationList;
			buildConfigurations = (
				6E7E889A1B73640A00D22561 /* Debug */,
				6E7E889B1B73640A00D22561 /* Release */,
			);
			defaultConfigurationIsVisible = 0;
			defaultConfigurationName = Release;
		};
		6E7E889C1B73640A00D22561 /* Build configuration list for PBXNativeTarget "ChatTextView" */ = {
			isa = XCConfigurationList;
			buildConfigurations = (
				6E7E889D1B73640A00D22561 /* Debug */,
				6E7E889E1B73640A00D22561 /* Release */,
			);
			defaultConfigurationIsVisible = 0;
			defaultConfigurationName = Release;
		};
		6E7E889F1B73640A00D22561 /* Build configuration list for PBXNativeTarget "ChatTextViewTests" */ = {
			isa = XCConfigurationList;
			buildConfigurations = (
				6E7E88A01B73640A00D22561 /* Debug */,
				6E7E88A11B73640A00D22561 /* Release */,
			);
			defaultConfigurationIsVisible = 0;
			defaultConfigurationName = Release;
		};
/* End XCConfigurationList section */
	};
	rootObject = 6E7E88711B73640900D22561 /* Project object */;
}
